// !$*UTF8*$!
{
	archiveVersion = 1;
	classes = {
	};
	objectVersion = 50;
	objects = {

/* Begin PBXBuildFile section */
		2238D3542621192400E17499 /* AppDelegate.swift in Sources */ = {isa = PBXBuildFile; fileRef = 2238D3532621192400E17499 /* AppDelegate.swift */; };
		2238D3562621192400E17499 /* ContentView.swift in Sources */ = {isa = PBXBuildFile; fileRef = 2238D3552621192400E17499 /* ContentView.swift */; };
		2238D3582621192600E17499 /* Assets.xcassets in Resources */ = {isa = PBXBuildFile; fileRef = 2238D3572621192600E17499 /* Assets.xcassets */; };
		2238D35B2621192600E17499 /* Preview Assets.xcassets in Resources */ = {isa = PBXBuildFile; fileRef = 2238D35A2621192600E17499 /* Preview Assets.xcassets */; };
		2238D35E2621192600E17499 /* Main.storyboard in Resources */ = {isa = PBXBuildFile; fileRef = 2238D35C2621192600E17499 /* Main.storyboard */; };
		2238D36926211E9B00E17499 /* PomodoroTimerModel.swift in Sources */ = {isa = PBXBuildFile; fileRef = 2238D36826211E9B00E17499 /* PomodoroTimerModel.swift */; };
/* End PBXBuildFile section */

/* Begin PBXFileReference section */
		2238D3502621192400E17499 /* FriendlyNeighborhoodPomodoro.app */ = {isa = PBXFileReference; explicitFileType = wrapper.application; includeInIndex = 0; path = FriendlyNeighborhoodPomodoro.app; sourceTree = BUILT_PRODUCTS_DIR; };
		2238D3532621192400E17499 /* AppDelegate.swift */ = {isa = PBXFileReference; lastKnownFileType = sourcecode.swift; path = AppDelegate.swift; sourceTree = "<group>"; };
		2238D3552621192400E17499 /* ContentView.swift */ = {isa = PBXFileReference; lastKnownFileType = sourcecode.swift; path = ContentView.swift; sourceTree = "<group>"; };
		2238D3572621192600E17499 /* Assets.xcassets */ = {isa = PBXFileReference; lastKnownFileType = folder.assetcatalog; path = Assets.xcassets; sourceTree = "<group>"; };
		2238D35A2621192600E17499 /* Preview Assets.xcassets */ = {isa = PBXFileReference; lastKnownFileType = folder.assetcatalog; path = "Preview Assets.xcassets"; sourceTree = "<group>"; };
		2238D35D2621192600E17499 /* Base */ = {isa = PBXFileReference; lastKnownFileType = file.storyboard; name = Base; path = Base.lproj/Main.storyboard; sourceTree = "<group>"; };
		2238D35F2621192600E17499 /* Info.plist */ = {isa = PBXFileReference; lastKnownFileType = text.plist.xml; path = Info.plist; sourceTree = "<group>"; };
		2238D3602621192600E17499 /* FriendlyNeighborhoodPomodoro.entitlements */ = {isa = PBXFileReference; lastKnownFileType = text.plist.entitlements; path = FriendlyNeighborhoodPomodoro.entitlements; sourceTree = "<group>"; };
		2238D36826211E9B00E17499 /* PomodoroTimerModel.swift */ = {isa = PBXFileReference; lastKnownFileType = sourcecode.swift; path = PomodoroTimerModel.swift; sourceTree = "<group>"; };
/* End PBXFileReference section */

/* Begin PBXFrameworksBuildPhase section */
		2238D34D2621192400E17499 /* Frameworks */ = {
			isa = PBXFrameworksBuildPhase;
			buildActionMask = 2147483647;
			files = (
			);
			runOnlyForDeploymentPostprocessing = 0;
		};
/* End PBXFrameworksBuildPhase section */

/* Begin PBXGroup section */
		2238D3472621192400E17499 = {
			isa = PBXGroup;
			children = (
				2238D3522621192400E17499 /* FriendlyNeighborhoodPomodoro */,
				2238D3512621192400E17499 /* Products */,
			);
			sourceTree = "<group>";
		};
		2238D3512621192400E17499 /* Products */ = {
			isa = PBXGroup;
			children = (
				2238D3502621192400E17499 /* FriendlyNeighborhoodPomodoro.app */,
			);
			name = Products;
			sourceTree = "<group>";
		};
		2238D3522621192400E17499 /* FriendlyNeighborhoodPomodoro */ = {
			isa = PBXGroup;
			children = (
				2238D3532621192400E17499 /* AppDelegate.swift */,
				2238D3552621192400E17499 /* ContentView.swift */,
				2238D36826211E9B00E17499 /* PomodoroTimerModel.swift */,
				2238D3572621192600E17499 /* Assets.xcassets */,
				2238D35C2621192600E17499 /* Main.storyboard */,
				2238D35F2621192600E17499 /* Info.plist */,
				2238D3602621192600E17499 /* FriendlyNeighborhoodPomodoro.entitlements */,
				2238D3592621192600E17499 /* Preview Content */,
			);
			path = FriendlyNeighborhoodPomodoro;
			sourceTree = "<group>";
		};
		2238D3592621192600E17499 /* Preview Content */ = {
			isa = PBXGroup;
			children = (
				2238D35A2621192600E17499 /* Preview Assets.xcassets */,
			);
			path = "Preview Content";
			sourceTree = "<group>";
		};
/* End PBXGroup section */

/* Begin PBXNativeTarget section */
		2238D34F2621192400E17499 /* FriendlyNeighborhoodPomodoro */ = {
			isa = PBXNativeTarget;
			buildConfigurationList = 2238D3632621192600E17499 /* Build configuration list for PBXNativeTarget "FriendlyNeighborhoodPomodoro" */;
			buildPhases = (
				2238D34C2621192400E17499 /* Sources */,
				2238D34D2621192400E17499 /* Frameworks */,
				2238D34E2621192400E17499 /* Resources */,
			);
			buildRules = (
			);
			dependencies = (
			);
			name = FriendlyNeighborhoodPomodoro;
			productName = FriendlyNeighborhoodPomodoro;
			productReference = 2238D3502621192400E17499 /* FriendlyNeighborhoodPomodoro.app */;
			productType = "com.apple.product-type.application";
		};
/* End PBXNativeTarget section */

/* Begin PBXProject section */
		2238D3482621192400E17499 /* Project object */ = {
			isa = PBXProject;
			attributes = {
				LastSwiftUpdateCheck = 1240;
				LastUpgradeCheck = 1240;
				ORGANIZATIONNAME = "Nitin Seshadri";
				TargetAttributes = {
					2238D34F2621192400E17499 = {
						CreatedOnToolsVersion = 12.4;
					};
				};
			};
			buildConfigurationList = 2238D34B2621192400E17499 /* Build configuration list for PBXProject "FriendlyNeighborhoodPomodoro" */;
			compatibilityVersion = "Xcode 9.3";
			developmentRegion = en;
			hasScannedForEncodings = 0;
			knownRegions = (
				en,
				Base,
			);
			mainGroup = 2238D3472621192400E17499;
			productRefGroup = 2238D3512621192400E17499 /* Products */;
			projectDirPath = "";
			projectRoot = "";
			targets = (
				2238D34F2621192400E17499 /* FriendlyNeighborhoodPomodoro */,
			);
		};
/* End PBXProject section */

/* Begin PBXResourcesBuildPhase section */
		2238D34E2621192400E17499 /* Resources */ = {
			isa = PBXResourcesBuildPhase;
			buildActionMask = 2147483647;
			files = (
				2238D35E2621192600E17499 /* Main.storyboard in Resources */,
				2238D35B2621192600E17499 /* Preview Assets.xcassets in Resources */,
				2238D3582621192600E17499 /* Assets.xcassets in Resources */,
			);
			runOnlyForDeploymentPostprocessing = 0;
		};
/* End PBXResourcesBuildPhase section */

/* Begin PBXSourcesBuildPhase section */
		2238D34C2621192400E17499 /* Sources */ = {
			isa = PBXSourcesBuildPhase;
			buildActionMask = 2147483647;
			files = (
				2238D3562621192400E17499 /* ContentView.swift in Sources */,
				2238D3542621192400E17499 /* AppDelegate.swift in Sources */,
				2238D36926211E9B00E17499 /* PomodoroTimerModel.swift in Sources */,
			);
			runOnlyForDeploymentPostprocessing = 0;
		};
/* End PBXSourcesBuildPhase section */

/* Begin PBXVariantGroup section */
		2238D35C2621192600E17499 /* Main.storyboard */ = {
			isa = PBXVariantGroup;
			children = (
				2238D35D2621192600E17499 /* Base */,
			);
			name = Main.storyboard;
			sourceTree = "<group>";
		};
/* End PBXVariantGroup section */

/* Begin XCBuildConfiguration section */
		2238D3612621192600E17499 /* Debug */ = {
			isa = XCBuildConfiguration;
			buildSettings = {
				ALWAYS_SEARCH_USER_PATHS = NO;
				CLANG_ANALYZER_NONNULL = YES;
				CLANG_ANALYZER_NUMBER_OBJECT_CONVERSION = YES_AGGRESSIVE;
				CLANG_CXX_LANGUAGE_STANDARD = "gnu++14";
				CLANG_CXX_LIBRARY = "libc++";
				CLANG_ENABLE_MODULES = YES;
				CLANG_ENABLE_OBJC_ARC = YES;
				CLANG_ENABLE_OBJC_WEAK = YES;
				CLANG_WARN_BLOCK_CAPTURE_AUTORELEASING = YES;
				CLANG_WARN_BOOL_CONVERSION = YES;
				CLANG_WARN_COMMA = YES;
				CLANG_WARN_CONSTANT_CONVERSION = YES;
				CLANG_WARN_DEPRECATED_OBJC_IMPLEMENTATIONS = YES;
				CLANG_WARN_DIRECT_OBJC_ISA_USAGE = YES_ERROR;
				CLANG_WARN_DOCUMENTATION_COMMENTS = YES;
				CLANG_WARN_EMPTY_BODY = YES;
				CLANG_WARN_ENUM_CONVERSION = YES;
				CLANG_WARN_INFINITE_RECURSION = YES;
				CLANG_WARN_INT_CONVERSION = YES;
				CLANG_WARN_NON_LITERAL_NULL_CONVERSION = YES;
				CLANG_WARN_OBJC_IMPLICIT_RETAIN_SELF = YES;
				CLANG_WARN_OBJC_LITERAL_CONVERSION = YES;
				CLANG_WARN_OBJC_ROOT_CLASS = YES_ERROR;
				CLANG_WARN_QUOTED_INCLUDE_IN_FRAMEWORK_HEADER = YES;
				CLANG_WARN_RANGE_LOOP_ANALYSIS = YES;
				CLANG_WARN_STRICT_PROTOTYPES = YES;
				CLANG_WARN_SUSPICIOUS_MOVE = YES;
				CLANG_WARN_UNGUARDED_AVAILABILITY = YES_AGGRESSIVE;
				CLANG_WARN_UNREACHABLE_CODE = YES;
				CLANG_WARN__DUPLICATE_METHOD_MATCH = YES;
				COPY_PHASE_STRIP = NO;
				DEBUG_INFORMATION_FORMAT = dwarf;
				ENABLE_STRICT_OBJC_MSGSEND = YES;
				ENABLE_TESTABILITY = YES;
				GCC_C_LANGUAGE_STANDARD = gnu11;
				GCC_DYNAMIC_NO_PIC = NO;
				GCC_NO_COMMON_BLOCKS = YES;
				GCC_OPTIMIZATION_LEVEL = 0;
				GCC_PREPROCESSOR_DEFINITIONS = (
					"DEBUG=1",
					"$(inherited)",
				);
				GCC_WARN_64_TO_32_BIT_CONVERSION = YES;
				GCC_WARN_ABOUT_RETURN_TYPE = YES_ERROR;
				GCC_WARN_UNDECLARED_SELECTOR = YES;
				GCC_WARN_UNINITIALIZED_AUTOS = YES_AGGRESSIVE;
				GCC_WARN_UNUSED_FUNCTION = YES;
				GCC_WARN_UNUSED_VARIABLE = YES;
				MACOSX_DEPLOYMENT_TARGET = 11.0;
				MTL_ENABLE_DEBUG_INFO = INCLUDE_SOURCE;
				MTL_FAST_MATH = YES;
				ONLY_ACTIVE_ARCH = YES;
				SDKROOT = macosx;
				SWIFT_ACTIVE_COMPILATION_CONDITIONS = DEBUG;
				SWIFT_OPTIMIZATION_LEVEL = "-Onone";
			};
			name = Debug;
		};
		2238D3622621192600E17499 /* Release */ = {
			isa = XCBuildConfiguration;
			buildSettings = {
				ALWAYS_SEARCH_USER_PATHS = NO;
				CLANG_ANALYZER_NONNULL = YES;
				CLANG_ANALYZER_NUMBER_OBJECT_CONVERSION = YES_AGGRESSIVE;
				CLANG_CXX_LANGUAGE_STANDARD = "gnu++14";
				CLANG_CXX_LIBRARY = "libc++";
				CLANG_ENABLE_MODULES = YES;
				CLANG_ENABLE_OBJC_ARC = YES;
				CLANG_ENABLE_OBJC_WEAK = YES;
				CLANG_WARN_BLOCK_CAPTURE_AUTORELEASING = YES;
				CLANG_WARN_BOOL_CONVERSION = YES;
				CLANG_WARN_COMMA = YES;
				CLANG_WARN_CONSTANT_CONVERSION = YES;
				CLANG_WARN_DEPRECATED_OBJC_IMPLEMENTATIONS = YES;
				CLANG_WARN_DIRECT_OBJC_ISA_USAGE = YES_ERROR;
				CLANG_WARN_DOCUMENTATION_COMMENTS = YES;
				CLANG_WARN_EMPTY_BODY = YES;
				CLANG_WARN_ENUM_CONVERSION = YES;
				CLANG_WARN_INFINITE_RECURSION = YES;
				CLANG_WARN_INT_CONVERSION = YES;
				CLANG_WARN_NON_LITERAL_NULL_CONVERSION = YES;
				CLANG_WARN_OBJC_IMPLICIT_RETAIN_SELF = YES;
				CLANG_WARN_OBJC_LITERAL_CONVERSION = YES;
				CLANG_WARN_OBJC_ROOT_CLASS = YES_ERROR;
				CLANG_WARN_QUOTED_INCLUDE_IN_FRAMEWORK_HEADER = YES;
				CLANG_WARN_RANGE_LOOP_ANALYSIS = YES;
				CLANG_WARN_STRICT_PROTOTYPES = YES;
				CLANG_WARN_SUSPICIOUS_MOVE = YES;
				CLANG_WARN_UNGUARDED_AVAILABILITY = YES_AGGRESSIVE;
				CLANG_WARN_UNREACHABLE_CODE = YES;
				CLANG_WARN__DUPLICATE_METHOD_MATCH = YES;
				COPY_PHASE_STRIP = NO;
				DEBUG_INFORMATION_FORMAT = "dwarf-with-dsym";
				ENABLE_NS_ASSERTIONS = NO;
				ENABLE_STRICT_OBJC_MSGSEND = YES;
				GCC_C_LANGUAGE_STANDARD = gnu11;
				GCC_NO_COMMON_BLOCKS = YES;
				GCC_WARN_64_TO_32_BIT_CONVERSION = YES;
				GCC_WARN_ABOUT_RETURN_TYPE = YES_ERROR;
				GCC_WARN_UNDECLARED_SELECTOR = YES;
				GCC_WARN_UNINITIALIZED_AUTOS = YES_AGGRESSIVE;
				GCC_WARN_UNUSED_FUNCTION = YES;
				GCC_WARN_UNUSED_VARIABLE = YES;
				MACOSX_DEPLOYMENT_TARGET = 11.0;
				MTL_ENABLE_DEBUG_INFO = NO;
				MTL_FAST_MATH = YES;
				SDKROOT = macosx;
				SWIFT_COMPILATION_MODE = wholemodule;
				SWIFT_OPTIMIZATION_LEVEL = "-O";
			};
			name = Release;
		};
		2238D3642621192600E17499 /* Debug */ = {
			isa = XCBuildConfiguration;
			buildSettings = {
				ASSETCATALOG_COMPILER_APPICON_NAME = AppIcon;
				ASSETCATALOG_COMPILER_GLOBAL_ACCENT_COLOR_NAME = AccentColor;
				CODE_SIGN_ENTITLEMENTS = FriendlyNeighborhoodPomodoro/FriendlyNeighborhoodPomodoro.entitlements;
				CODE_SIGN_STYLE = Automatic;
				COMBINE_HIDPI_IMAGES = YES;
				DEVELOPMENT_ASSET_PATHS = "\"FriendlyNeighborhoodPomodoro/Preview Content\"";
				DEVELOPMENT_TEAM = DC7TWT94U4;
				ENABLE_HARDENED_RUNTIME = YES;
				ENABLE_PREVIEWS = YES;
				INFOPLIST_FILE = FriendlyNeighborhoodPomodoro/Info.plist;
				LD_RUNPATH_SEARCH_PATHS = (
					"$(inherited)",
					"@executable_path/../Frameworks",
				);
				MACOSX_DEPLOYMENT_TARGET = 14.0;
				PRODUCT_BUNDLE_IDENTIFIER = com.nitinseshadri.FriendlyNeighborhoodPomodoro;
				PRODUCT_NAME = "$(TARGET_NAME)";
				SWIFT_VERSION = 5.0;
			};
			name = Debug;
		};
		2238D3652621192600E17499 /* Release */ = {
			isa = XCBuildConfiguration;
			buildSettings = {
				ASSETCATALOG_COMPILER_APPICON_NAME = AppIcon;
				ASSETCATALOG_COMPILER_GLOBAL_ACCENT_COLOR_NAME = AccentColor;
				CODE_SIGN_ENTITLEMENTS = FriendlyNeighborhoodPomodoro/FriendlyNeighborhoodPomodoro.entitlements;
				CODE_SIGN_STYLE = Automatic;
				COMBINE_HIDPI_IMAGES = YES;
				DEVELOPMENT_ASSET_PATHS = "\"FriendlyNeighborhoodPomodoro/Preview Content\"";
				DEVELOPMENT_TEAM = DC7TWT94U4;
				ENABLE_HARDENED_RUNTIME = YES;
				ENABLE_PREVIEWS = YES;
				INFOPLIST_FILE = FriendlyNeighborhoodPomodoro/Info.plist;
				LD_RUNPATH_SEARCH_PATHS = (
					"$(inherited)",
					"@executable_path/../Frameworks",
				);
				MACOSX_DEPLOYMENT_TARGET = 14.0;
				PRODUCT_BUNDLE_IDENTIFIER = com.nitinseshadri.FriendlyNeighborhoodPomodoro;
				PRODUCT_NAME = "$(TARGET_NAME)";
				SWIFT_VERSION = 5.0;
			};
			name = Release;
		};
/* End XCBuildConfiguration section */

/* Begin XCConfigurationList section */
		2238D34B2621192400E17499 /* Build configuration list for PBXProject "FriendlyNeighborhoodPomodoro" */ = {
			isa = XCConfigurationList;
			buildConfigurations = (
				2238D3612621192600E17499 /* Debug */,
				2238D3622621192600E17499 /* Release */,
			);
			defaultConfigurationIsVisible = 0;
			defaultConfigurationName = Release;
		};
		2238D3632621192600E17499 /* Build configuration list for PBXNativeTarget "FriendlyNeighborhoodPomodoro" */ = {
			isa = XCConfigurationList;
			buildConfigurations = (
				2238D3642621192600E17499 /* Debug */,
				2238D3652621192600E17499 /* Release */,
			);
			defaultConfigurationIsVisible = 0;
			defaultConfigurationName = Release;
		};
/* End XCConfigurationList section */
	};
	rootObject = 2238D3482621192400E17499 /* Project object */;
}
